
Microsoft Visual Studio Solution File, Format Version 12.00
# Visual Studio Version 17
VisualStudioVersion = 17.8.34511.84
MinimumVisualStudioVersion = 10.0.40219.1
Project("{FAE04EC0-301F-11D3-BF4B-00C04F79EFBC}") = "XMLMerger", "XMLMerger\XMLMerger.csproj", "{8EA825DB-B7A0-443C-BC2E-F94214671A2F}"
EndProject
Global
	GlobalSection(SolutionConfigurationPlatforms) = preSolution
		Debug|Any CPU = Debug|Any CPU
		Release|Any CPU = Release|Any CPU
	EndGlobalSection
	GlobalSection(ProjectConfigurationPlatforms) = postSolution
		{8EA825DB-B7A0-443C-BC2E-F94214671A2F}.Debug|Any CPU.ActiveCfg = Debug|Any CPU
		{8EA825DB-B7A0-443C-BC2E-F94214671A2F}.Debug|Any CPU.Build.0 = Debug|Any CPU
		{8EA825DB-B7A0-443C-BC2E-F94214671A2F}.Release|Any CPU.ActiveCfg = Release|Any CPU
		{8EA825DB-B7A0-443C-BC2E-F94214671A2F}.Release|Any CPU.Build.0 = Release|Any CPU
	EndGlobalSection
	GlobalSection(SolutionProperties) = preSolution
		HideSolutionNode = FALSE
	EndGlobalSection
	GlobalSection(ExtensibilityGlobals) = postSolution
		SolutionGuid = {D5C56053-9C0A-4B7F-B2EF-CF7FACEFCD19}
	EndGlobalSection
EndGlobal
